
Microsoft Visual Studio Solution File, Format Version 12.00
# Visual Studio Version 16
VisualStudioVersion = 16.0.29519.181
MinimumVisualStudioVersion = 10.0.40219.1
Project("{FAE04EC0-301F-11D3-BF4B-00C04F79EFBC}") = "GitCapirotescoTeste", "GitCapirotescoTeste\GitCapirotescoTeste.csproj", "{8A828450-B0E3-4FEC-A6B4-3AFFAA779653}"
EndProject
Global
	GlobalSection(SolutionConfigurationPlatforms) = preSolution
		Debug|Any CPU = Debug|Any CPU
		Release|Any CPU = Release|Any CPU
	EndGlobalSection
	GlobalSection(ProjectConfigurationPlatforms) = postSolution
		{8A828450-B0E3-4FEC-A6B4-3AFFAA779653}.Debug|Any CPU.ActiveCfg = Debug|Any CPU
		{8A828450-B0E3-4FEC-A6B4-3AFFAA779653}.Debug|Any CPU.Build.0 = Debug|Any CPU
		{8A828450-B0E3-4FEC-A6B4-3AFFAA779653}.Release|Any CPU.ActiveCfg = Release|Any CPU
		{8A828450-B0E3-4FEC-A6B4-3AFFAA779653}.Release|Any CPU.Build.0 = Release|Any CPU
	EndGlobalSection
	GlobalSection(SolutionProperties) = preSolution
		HideSolutionNode = FALSE
	EndGlobalSection
	GlobalSection(ExtensibilityGlobals) = postSolution
		SolutionGuid = {608B346F-2ACD-414C-8360-75729DED4440}
	EndGlobalSection
EndGlobal
